{
  "version": "5",
  "specifiers": {
    "jsr:@luca/esbuild-deno-loader@*": "0.11.1",
    "jsr:@std/bytes@^1.0.2": "1.0.5",
    "jsr:@std/encoding@^1.0.5": "1.0.8",
    "jsr:@std/path@^1.0.6": "1.0.8",
    "npm:esbuild@*": "0.24.2"
  },
  "jsr": {
    "@luca/esbuild-deno-loader@0.11.1": {
      "integrity": "dc020d16d75b591f679f6b9288b10f38bdb4f24345edb2f5732affa1d9885267",
      "dependencies": [
        "jsr:@std/bytes",
        "jsr:@std/encoding",
        "jsr:@std/path"
      ]
    },
    "@std/bytes@1.0.5": {
      "integrity": "4465dd739d7963d964c809202ebea6d5c6b8e3829ef25c6a224290fbb8a1021e"
    },
    "@std/encoding@1.0.8": {
      "integrity": "a6c8f3f933ab1bed66244f435d1dc0fd23a888e07195532122ddc3d5f8f0e6b4"
    },
    "@std/path@1.0.8": {
      "integrity": "548fa456bb6a04d3c1a1e7477986b6cffbce95102d0bb447c67c4ee70e0364be"
    }
  },
  "npm": {
    "@esbuild/aix-ppc64@0.24.2": {
      "integrity": "sha512-thpVCb/rhxE/BnMLQ7GReQLLN8q9qbHmI55F4489/ByVg2aQaQ6kbcLb6FHkocZzQhxc4gx0sCk0tJkKBFzDhA==",
      "os": ["aix"],
      "cpu": ["ppc64"]
    },
    "@esbuild/android-arm64@0.24.2": {
      "integrity": "sha512-cNLgeqCqV8WxfcTIOeL4OAtSmL8JjcN6m09XIgro1Wi7cF4t/THaWEa7eL5CMoMBdjoHOTh/vwTO/o2TRXIyzg==",
      "os": ["android"],
      "cpu": ["arm64"]
    },
    "@esbuild/android-arm@0.24.2": {
      "integrity": "sha512-tmwl4hJkCfNHwFB3nBa8z1Uy3ypZpxqxfTQOcHX+xRByyYgunVbZ9MzUUfb0RxaHIMnbHagwAxuTL+tnNM+1/Q==",
      "os": ["android"],
      "cpu": ["arm"]
    },
    "@esbuild/android-x64@0.24.2": {
      "integrity": "sha512-B6Q0YQDqMx9D7rvIcsXfmJfvUYLoP722bgfBlO5cGvNVb5V/+Y7nhBE3mHV9OpxBf4eAS2S68KZztiPaWq4XYw==",
      "os": ["android"],
      "cpu": ["x64"]
    },
    "@esbuild/darwin-arm64@0.24.2": {
      "integrity": "sha512-kj3AnYWc+CekmZnS5IPu9D+HWtUI49hbnyqk0FLEJDbzCIQt7hg7ucF1SQAilhtYpIujfaHr6O0UHlzzSPdOeA==",
      "os": ["darwin"],
      "cpu": ["arm64"]
    },
    "@esbuild/darwin-x64@0.24.2": {
      "integrity": "sha512-WeSrmwwHaPkNR5H3yYfowhZcbriGqooyu3zI/3GGpF8AyUdsrrP0X6KumITGA9WOyiJavnGZUwPGvxvwfWPHIA==",
      "os": ["darwin"],
      "cpu": ["x64"]
    },
    "@esbuild/freebsd-arm64@0.24.2": {
      "integrity": "sha512-UN8HXjtJ0k/Mj6a9+5u6+2eZ2ERD7Edt1Q9IZiB5UZAIdPnVKDoG7mdTVGhHJIeEml60JteamR3qhsr1r8gXvg==",
      "os": ["freebsd"],
      "cpu": ["arm64"]
    },
    "@esbuild/freebsd-x64@0.24.2": {
      "integrity": "sha512-TvW7wE/89PYW+IevEJXZ5sF6gJRDY/14hyIGFXdIucxCsbRmLUcjseQu1SyTko+2idmCw94TgyaEZi9HUSOe3Q==",
      "os": ["freebsd"],
      "cpu": ["x64"]
    },
    "@esbuild/linux-arm64@0.24.2": {
      "integrity": "sha512-7HnAD6074BW43YvvUmE/35Id9/NB7BeX5EoNkK9obndmZBUk8xmJJeU7DwmUeN7tkysslb2eSl6CTrYz6oEMQg==",
      "os": ["linux"],
      "cpu": ["arm64"]
    },
    "@esbuild/linux-arm@0.24.2": {
      "integrity": "sha512-n0WRM/gWIdU29J57hJyUdIsk0WarGd6To0s+Y+LwvlC55wt+GT/OgkwoXCXvIue1i1sSNWblHEig00GBWiJgfA==",
      "os": ["linux"],
      "cpu": ["arm"]
    },
    "@esbuild/linux-ia32@0.24.2": {
      "integrity": "sha512-sfv0tGPQhcZOgTKO3oBE9xpHuUqguHvSo4jl+wjnKwFpapx+vUDcawbwPNuBIAYdRAvIDBfZVvXprIj3HA+Ugw==",
      "os": ["linux"],
      "cpu": ["ia32"]
    },
    "@esbuild/linux-loong64@0.24.2": {
      "integrity": "sha512-CN9AZr8kEndGooS35ntToZLTQLHEjtVB5n7dl8ZcTZMonJ7CCfStrYhrzF97eAecqVbVJ7APOEe18RPI4KLhwQ==",
      "os": ["linux"],
      "cpu": ["loong64"]
    },
    "@esbuild/linux-mips64el@0.24.2": {
      "integrity": "sha512-iMkk7qr/wl3exJATwkISxI7kTcmHKE+BlymIAbHO8xanq/TjHaaVThFF6ipWzPHryoFsesNQJPE/3wFJw4+huw==",
      "os": ["linux"],
      "cpu": ["mips64el"]
    },
    "@esbuild/linux-ppc64@0.24.2": {
      "integrity": "sha512-shsVrgCZ57Vr2L8mm39kO5PPIb+843FStGt7sGGoqiiWYconSxwTiuswC1VJZLCjNiMLAMh34jg4VSEQb+iEbw==",
      "os": ["linux"],
      "cpu": ["ppc64"]
    },
    "@esbuild/linux-riscv64@0.24.2": {
      "integrity": "sha512-4eSFWnU9Hhd68fW16GD0TINewo1L6dRrB+oLNNbYyMUAeOD2yCK5KXGK1GH4qD/kT+bTEXjsyTCiJGHPZ3eM9Q==",
      "os": ["linux"],
      "cpu": ["riscv64"]
    },
    "@esbuild/linux-s390x@0.24.2": {
      "integrity": "sha512-S0Bh0A53b0YHL2XEXC20bHLuGMOhFDO6GN4b3YjRLK//Ep3ql3erpNcPlEFed93hsQAjAQDNsvcK+hV90FubSw==",
      "os": ["linux"],
      "cpu": ["s390x"]
    },
    "@esbuild/linux-x64@0.24.2": {
      "integrity": "sha512-8Qi4nQcCTbLnK9WoMjdC9NiTG6/E38RNICU6sUNqK0QFxCYgoARqVqxdFmWkdonVsvGqWhmm7MO0jyTqLqwj0Q==",
      "os": ["linux"],
      "cpu": ["x64"]
    },
    "@esbuild/netbsd-arm64@0.24.2": {
      "integrity": "sha512-wuLK/VztRRpMt9zyHSazyCVdCXlpHkKm34WUyinD2lzK07FAHTq0KQvZZlXikNWkDGoT6x3TD51jKQ7gMVpopw==",
      "os": ["netbsd"],
      "cpu": ["arm64"]
    },
    "@esbuild/netbsd-x64@0.24.2": {
      "integrity": "sha512-VefFaQUc4FMmJuAxmIHgUmfNiLXY438XrL4GDNV1Y1H/RW3qow68xTwjZKfj/+Plp9NANmzbH5R40Meudu8mmw==",
      "os": ["netbsd"],
      "cpu": ["x64"]
    },
    "@esbuild/openbsd-arm64@0.24.2": {
      "integrity": "sha512-YQbi46SBct6iKnszhSvdluqDmxCJA+Pu280Av9WICNwQmMxV7nLRHZfjQzwbPs3jeWnuAhE9Jy0NrnJ12Oz+0A==",
      "os": ["openbsd"],
      "cpu": ["arm64"]
    },
    "@esbuild/openbsd-x64@0.24.2": {
      "integrity": "sha512-+iDS6zpNM6EnJyWv0bMGLWSWeXGN/HTaF/LXHXHwejGsVi+ooqDfMCCTerNFxEkM3wYVcExkeGXNqshc9iMaOA==",
      "os": ["openbsd"],
      "cpu": ["x64"]
    },
    "@esbuild/sunos-x64@0.24.2": {
      "integrity": "sha512-hTdsW27jcktEvpwNHJU4ZwWFGkz2zRJUz8pvddmXPtXDzVKTTINmlmga3ZzwcuMpUvLw7JkLy9QLKyGpD2Yxig==",
      "os": ["sunos"],
      "cpu": ["x64"]
    },
    "@esbuild/win32-arm64@0.24.2": {
      "integrity": "sha512-LihEQ2BBKVFLOC9ZItT9iFprsE9tqjDjnbulhHoFxYQtQfai7qfluVODIYxt1PgdoyQkz23+01rzwNwYfutxUQ==",
      "os": ["win32"],
      "cpu": ["arm64"]
    },
    "@esbuild/win32-ia32@0.24.2": {
      "integrity": "sha512-q+iGUwfs8tncmFC9pcnD5IvRHAzmbwQ3GPS5/ceCyHdjXubwQWI12MKWSNSMYLJMq23/IUCvJMS76PDqXe1fxA==",
      "os": ["win32"],
      "cpu": ["ia32"]
    },
    "@esbuild/win32-x64@0.24.2": {
      "integrity": "sha512-7VTgWzgMGvup6aSqDPLiW5zHaxYJGTO4OokMjIlrCtf+VpEL+cXKtCvg723iguPYI5oaUNdS+/V7OU2gvXVWEg==",
      "os": ["win32"],
      "cpu": ["x64"]
    },
    "esbuild@0.24.2": {
      "integrity": "sha512-+9egpBW8I3CD5XPe0n6BfT5fxLzxrlDzqydF3aviG+9ni1lDC/OvMHcxqEFV0+LANZG5R1bFMWfUrjVsdwxJvA==",
      "optionalDependencies": [
        "@esbuild/aix-ppc64",
        "@esbuild/android-arm",
        "@esbuild/android-arm64",
        "@esbuild/android-x64",
        "@esbuild/darwin-arm64",
        "@esbuild/darwin-x64",
        "@esbuild/freebsd-arm64",
        "@esbuild/freebsd-x64",
        "@esbuild/linux-arm",
        "@esbuild/linux-arm64",
        "@esbuild/linux-ia32",
        "@esbuild/linux-loong64",
        "@esbuild/linux-mips64el",
        "@esbuild/linux-ppc64",
        "@esbuild/linux-riscv64",
        "@esbuild/linux-s390x",
        "@esbuild/linux-x64",
        "@esbuild/netbsd-arm64",
        "@esbuild/netbsd-x64",
        "@esbuild/openbsd-arm64",
        "@esbuild/openbsd-x64",
        "@esbuild/sunos-x64",
        "@esbuild/win32-arm64",
        "@esbuild/win32-ia32",
        "@esbuild/win32-x64"
      ],
      "scripts": true,
      "bin": true
    }
  },
  "remote": {
    "https://deno.land/std@0.198.0/_util/os.ts": "d932f56d41e4f6a6093d56044e29ce637f8dcc43c5a90af43504a889cf1775e3",
    "https://deno.land/std@0.198.0/assert/assert.ts": "9a97dad6d98c238938e7540736b826440ad8c1c1e54430ca4c4e623e585607ee",
    "https://deno.land/std@0.198.0/assert/assertion_error.ts": "4d0bde9b374dfbcbe8ac23f54f567b77024fb67dbb1906a852d67fe050d42f56",
    "https://deno.land/std@0.198.0/fs/_util.ts": "fbf57dcdc9f7bc8128d60301eece608246971a7836a3bb1e78da75314f08b978",
    "https://deno.land/std@0.198.0/fs/walk.ts": "21a3cc5ff39c38acc93575213f54d5f1d44c5c6614ed97603d171eb0bf56a565",
    "https://deno.land/std@0.198.0/path/_basename.ts": "057d420c9049821f983f784fd87fa73ac471901fb628920b67972b0f44319343",
    "https://deno.land/std@0.198.0/path/_constants.ts": "e49961f6f4f48039c0dfed3c3f93e963ca3d92791c9d478ac5b43183413136e0",
    "https://deno.land/std@0.198.0/path/_dirname.ts": "355e297236b2218600aee7a5301b937204c62e12da9db4b0b044993d9e658395",
    "https://deno.land/std@0.198.0/path/_extname.ts": "eaaa5aae1acf1f03254d681bd6a8ce42a9cb5b7ff2213a9d4740e8ab31283664",
    "https://deno.land/std@0.198.0/path/_format.ts": "4a99270d6810f082e614309164fad75d6f1a483b68eed97c830a506cc589f8b4",
    "https://deno.land/std@0.198.0/path/_from_file_url.ts": "7e4e5626089785adddb061f1b9f4932d6b21c7df778e7449531a11e32048245c",
    "https://deno.land/std@0.198.0/path/_interface.ts": "6471159dfbbc357e03882c2266d21ef9afdb1e4aa771b0545e90db58a0ba314b",
    "https://deno.land/std@0.198.0/path/_is_absolute.ts": "05dac10b5e93c63198b92e3687baa2be178df5321c527dc555266c0f4f51558c",
    "https://deno.land/std@0.198.0/path/_join.ts": "fd78555bc34d5f188918fc7018dfe8fe2df5bbad94a3b30a433666c03934d77f",
    "https://deno.land/std@0.198.0/path/_normalize.ts": "a19ec8706b2707f9dd974662a5cd89fad438e62ab1857e08b314a8eb49a34d81",
    "https://deno.land/std@0.198.0/path/_parse.ts": "0f9b0ff43682dd9964eb1c4398610c4e165d8db9d3ac9d594220217adf480cfa",
    "https://deno.land/std@0.198.0/path/_relative.ts": "27bdeffb5311a47d85be26d37ad1969979359f7636c5cd9fcf05dcd0d5099dc5",
    "https://deno.land/std@0.198.0/path/_resolve.ts": "3bf0287d62488cad08c3c219a9708c4a4c658c65d7b4400fd99afdc3ba10a64d",
    "https://deno.land/std@0.198.0/path/_to_file_url.ts": "739bfda583598790b2e77ce227f2bb618f6ebdb939788cea47555b43970ec58c",
    "https://deno.land/std@0.198.0/path/_to_namespaced_path.ts": "0d5f4caa2ed98ef7a8786286df6af804b50e38859ae897b5b5b4c8c5930a75c8",
    "https://deno.land/std@0.198.0/path/_util.ts": "4e191b1bac6b3bf0c31aab42e5ca2e01a86ab5a0d2e08b75acf8585047a86221",
    "https://deno.land/std@0.198.0/path/basename.ts": "6f08fbb90dbfcf320765b3abb01f995b1723f75e2534acfd5380e202c802a3aa",
    "https://deno.land/std@0.198.0/path/common.ts": "ee7505ab01fd22de3963b64e46cff31f40de34f9f8de1fff6a1bd2fe79380000",
    "https://deno.land/std@0.198.0/path/dirname.ts": "098996822a31b4c46e1eb52a19540d3c6f9f54b772fc8a197939eeabc29fca2f",
    "https://deno.land/std@0.198.0/path/extname.ts": "9b83c62fd16505739541f7a3ab447d8972da39dbf668d47af2f93206c2480893",
    "https://deno.land/std@0.198.0/path/format.ts": "cb22f95cc7853d590b87708cc9441785e760d711188facff3d225305a8213aca",
    "https://deno.land/std@0.198.0/path/from_file_url.ts": "a6221cfc928928ec4d9786d767dfac98fa2ab746af0786446c9834a07b98817e",
    "https://deno.land/std@0.198.0/path/glob.ts": "d479e0a695621c94d3fd7fe7abd4f9499caf32a8de13f25073451c6ef420a4e1",
    "https://deno.land/std@0.198.0/path/is_absolute.ts": "6b3d36352eb7fa29edb53f9e7b09b1aeb022a3c5465764f6cc5b8c41f9736197",
    "https://deno.land/std@0.198.0/path/join.ts": "4a2867ff2f3c81ffc9eb3d56dade16db6f8bd3854f269306d23dad4115089c84",
    "https://deno.land/std@0.198.0/path/mod.ts": "7765507696cb321994cdacfc19ee3ba61e8e3ebf4bd98fa75a276cf5dc18ce2a",
    "https://deno.land/std@0.198.0/path/normalize.ts": "7d992cd262b2deefa842d93a8ba2ed51f3949ba595b1d07f627ac2cddbc74808",
    "https://deno.land/std@0.198.0/path/parse.ts": "031fe488b3497fb8312fc1dc3c3d6c2d80707edd9c661e18ee9fd20f95edf322",
    "https://deno.land/std@0.198.0/path/posix.ts": "0a1c1952d132323a88736d03e92bd236f3ed5f9f079e5823fae07c8d978ee61b",
    "https://deno.land/std@0.198.0/path/relative.ts": "7db80c5035016174267da16321a742d76e875215c317859a383b12f413c6f5d6",
    "https://deno.land/std@0.198.0/path/resolve.ts": "103b62207726a27f28177f397008545804ecb20aaf00623af1f622b18cd80b9f",
    "https://deno.land/std@0.198.0/path/separator.ts": "0fb679739d0d1d7bf45b68dacfb4ec7563597a902edbaf3c59b50d5bcadd93b1",
    "https://deno.land/std@0.198.0/path/to_file_url.ts": "dd32f7a01bbf3b15b5df46796659984b372973d9b2d7d59bcf0eb990763a0cb5",
    "https://deno.land/std@0.198.0/path/to_namespaced_path.ts": "4e643ab729bf49ccdc166ad48d2de262ff462938fcf2a44a4425588f4a0bd690",
    "https://deno.land/std@0.198.0/path/win32.ts": "8b3f80ef7a462511d5e8020ff490edcaa0a0d118f1b1e9da50e2916bdd73f9dd",
    "https://esm.sh/@craftamap/esbuild-plugin-html@0.8.0": "a88e034bec5b50b1fc26ae49eadc0117acaf44f53c254a5a76e46240d5255ecc",
    "https://esm.sh/v135/@craftamap/esbuild-plugin-html@0.8.0/denonext/esbuild-plugin-html.mjs": "fa535cdd4a989dda043cef1175a2e662fcfc0ab8828689b94c280b25c877a14f",
    "https://esm.sh/v135/@tootallnate/once@1.1.2/denonext/once.mjs": "7dc808cefa3939b10c90a880d88ee90c04324943b8da80e4a3d5a2d3657428d1",
    "https://esm.sh/v135/abab@2.0.6/denonext/abab.mjs": "7101c07a728882d686222e5f5c5a6fa956a558e4f406c521f1c0b61bc60cd07d",
    "https://esm.sh/v135/agent-base@6.0.2/denonext/agent-base.mjs": "5c2339009e12d48c28aaee9842a8a8975f5ebedf50cd8e856798e98eccbd0a41",
    "https://esm.sh/v135/browser-process-hrtime@1.0.0/denonext/browser-process-hrtime.mjs": "c3116369891dc285cbaccd24324c1a364e874584c154b850a7bd4c505fa05098",
    "https://esm.sh/v135/canvas@2.11.2/denonext/canvas.mjs": "4245b1d01d91b5e807b85e40e98efe28c93634260bd8cb5ac0da71c42098a1a4",
    "https://esm.sh/v135/cssom@0.3.8/denonext/cssom.mjs": "3542e865d10d9115325a254aebe1a518cb9d49f90e3843108a0374be940a0ba6",
    "https://esm.sh/v135/cssom@0.5.0/denonext/cssom.mjs": "c4216df78cba2c7be94853258b6b28c681e60ff89d4aeb3149b0ac91302be428",
    "https://esm.sh/v135/cssstyle@2.3.0/denonext/cssstyle.mjs": "25848c49f5139a2282fb31858e883a659c6fd9fe88797a181628e2d1ae54aa9e",
    "https://esm.sh/v135/data-urls@3.0.2/denonext/data-urls.mjs": "985e262ba2fa3901330b5d43e06f4fdf52f443d50d060bf2199e0b61d0fe744f",
    "https://esm.sh/v135/debug@4.3.4/denonext/debug.mjs": "d2ebf776ea77aa7df1b4460eb2a4aab245a9d5b19f11fa1db25f756b350bae9d",
    "https://esm.sh/v135/decimal.js@10.4.3/denonext/decimal.mjs": "936c013da678f9d5160e9a3aa4dd9a458040fce5dc0afb582f0ce7aa6413d572",
    "https://esm.sh/v135/domexception@2.0.1/denonext/webidl2js-wrapper.js": "ff1e9b511470bc518899e6c35582aa2012aad2bde49f422b80c6394b4161855b",
    "https://esm.sh/v135/form-data@4.0.1/denonext/form-data.mjs": "c39c523082a67f0905290b4cc483d036965ddd6c6f3071a1c9914521125f47c6",
    "https://esm.sh/v135/html-encoding-sniffer@2.0.1/denonext/html-encoding-sniffer.mjs": "ca56979dcd387486b54e711cd39b23780c6cc0b3c92c80e6639961ecfe15218b",
    "https://esm.sh/v135/http-proxy-agent@4.0.1/denonext/http-proxy-agent.mjs": "f31188ebe6dc1966e5edcb6a0be738ad5f1723344c196dfd5b773bdacae711b4",
    "https://esm.sh/v135/https-proxy-agent@5.0.1/denonext/https-proxy-agent.mjs": "a8b225bd7f26f3d970ba901e5a6c016cadcd4f677311a1d2b32c74c0409347d1",
    "https://esm.sh/v135/iconv-lite@0.4.24/denonext/iconv-lite.mjs": "58ae7118ac00d9cae4b8ac0841281999a4f4af0fac54b60cc286fb8f09cdd9ef",
    "https://esm.sh/v135/is-potential-custom-element-name@1.0.1/denonext/is-potential-custom-element-name.mjs": "de2781ef99795b662f43c0840c3dcfdc303f9e60a75e66924370f902133469ed",
    "https://esm.sh/v135/jsdom@17.0.0/denonext/jsdom.mjs": "c4954c0c5ab7dceb0ed2a9eaeb81b9bd7c5b9eba5414f7047fee62dcd6d792b1",
    "https://esm.sh/v135/lodash@4.17.21/denonext/template.js": "3aff23aa4d2b4a3b0ec88f341dae1883149b06eac132ef3364a4cd711b6be664",
    "https://esm.sh/v135/ms@2.1.2/denonext/ms.mjs": "aa4dc45ba72554c5011168f8910cc646c37af53cfff1a15a4decced838b8eb14",
    "https://esm.sh/v135/nwsapi@2.2.16/denonext/nwsapi.mjs": "d193a569eb7ab6579134c571d4027f396ad3c09ee10ccc71a352aaf31ce9df5a",
    "https://esm.sh/v135/parse5@6.0.1/denonext/lib/parser/open-element-stack.js": "50878aadb7479fbd0c5e322a56768ab38668c8cec13f367c34b68208b70fda96",
    "https://esm.sh/v135/parse5@6.0.1/denonext/parse5.mjs": "c0f7602b42ffa327c8c0c9b7c5869b702ba370f3536cba581965fc46e9187059",
    "https://esm.sh/v135/psl@1.9.0/denonext/psl.mjs": "f40e9bcba5f6602eeb677f85f8e2b5c24b706bade58ced5b272044ebea609d9b",
    "https://esm.sh/v135/querystringify@2.2.0/denonext/querystringify.mjs": "4f0f639f99ec4a7ddaffb886bd7e6f3fe4b088e1fcd60336dd10d447d2093ef6",
    "https://esm.sh/v135/requires-port@1.0.0/denonext/requires-port.mjs": "c4f20b71539d08fc2662d75dfd79881fce985a0e4592268f18ac13bf53679efa",
    "https://esm.sh/v135/safer-buffer@2.1.2/denonext/safer-buffer.mjs": "ce0e787812c668ba082ad5b75958490c714b6e05836bd5b6013d9f75727c006f",
    "https://esm.sh/v135/saxes@5.0.1/denonext/saxes.mjs": "d17d1c4d5890aeece9e2baa4d8f276e05ff50876f1314b37ac2d906d958666be",
    "https://esm.sh/v135/symbol-tree@3.2.4/denonext/symbol-tree.mjs": "67199d1e47bd6e5b7d2715dd04d25658061c95fc4464f7d200b6aab9e439b5f4",
    "https://esm.sh/v135/tough-cookie@4.1.4/denonext/tough-cookie.mjs": "ae1e1d4b4e06675b732f72306588719bbb65c5345fd0ccb5cceca2833ec08992",
    "https://esm.sh/v135/tr46@2.1.0/denonext/tr46.mjs": "e0130db4f49cea85450a042b37346ce89922953053ba37f966444528882cb0c8",
    "https://esm.sh/v135/tr46@3.0.0/denonext/tr46.mjs": "c288e67f5fec5f61acee1a786495bf6fc49fa5f6ae30f363a071ab9b332a1ed5",
    "https://esm.sh/v135/universalify@0.2.0/denonext/universalify.mjs": "6ebb2a9b372d4ae89f494d9b0044942dc76a5b5fb366ab3018e2bf0aeb8eae94",
    "https://esm.sh/v135/url-parse@1.5.10/denonext/url-parse.mjs": "10fa48a00b5d02da3cbe666df4a6e7f57d81d178cda8beff676ffc8cfd9ea7a1",
    "https://esm.sh/v135/w3c-hr-time@1.0.2/denonext/w3c-hr-time.mjs": "dff4b6f58ff61bf7a99b7b617de731078c1d04445339e1347f0a9c0d1b872a8c",
    "https://esm.sh/v135/w3c-xmlserializer@2.0.0/denonext/w3c-xmlserializer.mjs": "aeb86ea649d491c69c731087b6a492c778147620317c011cf465224acd5722d5",
    "https://esm.sh/v135/webidl-conversions@5.0.0/denonext/webidl-conversions.mjs": "ddb678fdf6af4881614242f2ef69a4fbfc987bdc851e5adc065ae17cf15f4a26",
    "https://esm.sh/v135/webidl-conversions@6.1.0/denonext/webidl-conversions.mjs": "1372fb7051eb5297a0db5db2acf69a53ccd11f99b69c630c23bd8640ddf4577e",
    "https://esm.sh/v135/webidl-conversions@7.0.0/denonext/webidl-conversions.mjs": "04e3e6917179380727c6f65cd16a5a89836fb5a104fe5524c10a0a697f88d552",
    "https://esm.sh/v135/whatwg-encoding@1.0.5/denonext/whatwg-encoding.mjs": "c0a78c865ad15ecdeb7f62f08198808fe4a9d3d126cb5e69ce5f0c248a0e3415",
    "https://esm.sh/v135/whatwg-mimetype@2.3.0/denonext/whatwg-mimetype.mjs": "8c075c503a39c7d8348ab84e1490ab96691a45a6ecc5ec6b0a6c25673ef4631b",
    "https://esm.sh/v135/whatwg-mimetype@3.0.0/denonext/whatwg-mimetype.mjs": "59446370c8333e5956416535e9773585645c22e7ea3420c8df5d78d1e9127c59",
    "https://esm.sh/v135/whatwg-url@11.0.0/denonext/whatwg-url.mjs": "8b61fa27afe1d4146202053e19c6491e73ad76d3d29ba173949c81298ef65e7f",
    "https://esm.sh/v135/whatwg-url@9.1.0/denonext/webidl2js-wrapper.js": "a76c224888f879e1d708d913a0230d65855863650d3427f214d7617031bb3beb",
    "https://esm.sh/v135/whatwg-url@9.1.0/denonext/whatwg-url.mjs": "e80b31d8b1a7c41d31ae71f21a34613e0a66e88ae2d2241f71492ccde02a4240",
    "https://esm.sh/v135/xml-name-validator@3.0.0/denonext/xml-name-validator.mjs": "211093713fc8a3885dcf5f964708e7e00ed342262caba63471a60d97d36946ef",
    "https://esm.sh/v135/xmlchars@2.2.0/denonext/xml/1.0/ed5.js": "60f8f018eb1d79d69a41324155b7d9f52f1058b37060b28acc1dfc49446e549d",
    "https://esm.sh/v135/xmlchars@2.2.0/denonext/xml/1.1/ed2.js": "ba7d1fe5694f62469c4b293a1fadad332c637cbcfbc74147a296475c2ff8ad3d",
    "https://esm.sh/v135/xmlchars@2.2.0/denonext/xmlns/1.0/ed3.js": "929d15ffc72d56c8909f87e7df8288f060bda0256622e8e95c24f0decb06adc7"
  }
}
